// !$*UTF8*$!
{
	archiveVersion = 1;
	classes = {
	};
	objectVersion = 46;
	objects = {

/* Begin PBXBuildFile section */
		0207DA581B56EA530066E2B4 /* Images.xcassets in Resources */ = {isa = PBXBuildFile; fileRef = 0207DA571B56EA530066E2B4 /* Images.xcassets */; };
		1D3623260D0F684500981E51 /* AppDelegate.m in Sources */ = {isa = PBXBuildFile; fileRef = 1D3623250D0F684500981E51 /* AppDelegate.m */; };
		1D60589B0D05DD56006BFB54 /* main.m in Sources */ = {isa = PBXBuildFile; fileRef = 29B97316FDCFA39411CA2CEA /* main.m */; };
		301BF552109A68D80062928A /* libCordova.a in Frameworks */ = {isa = PBXBuildFile; fileRef = 301BF535109A57CC0062928A /* libCordova.a */; };
		302D95F114D2391D003F00A1 /* MainViewController.m in Sources */ = {isa = PBXBuildFile; fileRef = 302D95EF14D2391D003F00A1 /* MainViewController.m */; };
		302D95F214D2391D003F00A1 /* MainViewController.xib in Resources */ = {isa = PBXBuildFile; fileRef = 302D95F014D2391D003F00A1 /* MainViewController.xib */; };
		5495A0518B7948D08AD96B7F /* CDVConnection.m in Sources */ = {isa = PBXBuildFile; fileRef = FFCD706C0003476CB005B4F6 /* CDVConnection.m */; };
		5AE8165E3742486C9DA4C25A /* libz.tbd in Frameworks */ = {isa = PBXBuildFile; fileRef = 843B58B7531249DAA3DC1A52 /* libz.tbd */; };
		65C92C77524D4B97A44D9248 /* CoreLocation.framework in Frameworks */ = {isa = PBXBuildFile; fileRef = FC2BD15587C946DFAC54E3EB /* CoreLocation.framework */; };
		6AFF5BF91D6E424B00AB3073 /* CDVLaunchScreen.storyboard in Resources */ = {isa = PBXBuildFile; fileRef = 6AFF5BF81D6E424B00AB3073 /* CDVLaunchScreen.storyboard */; };
		7C1EAB747AE74C7F8E1201C8 /* CoreTelephony.framework in Frameworks */ = {isa = PBXBuildFile; fileRef = 2A66B8B6390F45258B5808BD /* CoreTelephony.framework */; };
		82DB9830511F4D4BB695E4F6 /* SystemConfiguration.framework in Frameworks */ = {isa = PBXBuildFile; fileRef = 73817689BAE54947B2547120 /* SystemConfiguration.framework */; settings = {ATTRIBUTES = (Weak, ); }; };
		950C3D3620830F15003ADA19 /* GuidePagesViewController.m in Sources */ = {isa = PBXBuildFile; fileRef = 950C3D3520830F15003ADA19 /* GuidePagesViewController.m */; };
		952824ED208373040055BC19 /* yindaoye750*1334-3.png in Resources */ = {isa = PBXBuildFile; fileRef = 952824D4208373030055BC19 /* yindaoye750*1334-3.png */; };
		952824EE208373040055BC19 /* yindaoye1242*2208-1.png in Resources */ = {isa = PBXBuildFile; fileRef = 952824D5208373030055BC19 /* yindaoye1242*2208-1.png */; };
		952824F0208373040055BC19 /* yindaoye1242*2208-3.png in Resources */ = {isa = PBXBuildFile; fileRef = 952824D7208373030055BC19 /* yindaoye1242*2208-3.png */; };
		952824F1208373040055BC19 /* yindaoye640*1136-1.png in Resources */ = {isa = PBXBuildFile; fileRef = 952824D8208373030055BC19 /* yindaoye640*1136-1.png */; };
		952824F2208373040055BC19 /* Launch750*1334.png in Resources */ = {isa = PBXBuildFile; fileRef = 952824D9208373030055BC19 /* Launch750*1334.png */; };
		952824F4208373040055BC19 /* Launch1242*2208.png in Resources */ = {isa = PBXBuildFile; fileRef = 952824DB208373030055BC19 /* Launch1242*2208.png */; };
		952824F7208373040055BC19 /* Launch640*1136.png in Resources */ = {isa = PBXBuildFile; fileRef = 952824DE208373030055BC19 /* Launch640*1136.png */; };
		952824F8208373040055BC19 /* yindaoye640*960-3.png in Resources */ = {isa = PBXBuildFile; fileRef = 952824DF208373030055BC19 /* yindaoye640*960-3.png */; };
		952824FA208373040055BC19 /* yindaoye640*960-2.png in Resources */ = {isa = PBXBuildFile; fileRef = 952824E1208373030055BC19 /* yindaoye640*960-2.png */; };
		952824FB208373040055BC19 /* yindaoye1242*2208-2.png in Resources */ = {isa = PBXBuildFile; fileRef = 952824E2208373030055BC19 /* yindaoye1242*2208-2.png */; };
		952824FC208373040055BC19 /* yindaoye750*1334-2.png in Resources */ = {isa = PBXBuildFile; fileRef = 952824E3208373030055BC19 /* yindaoye750*1334-2.png */; };
		952824FE208373040055BC19 /* Launch640*960.png in Resources */ = {isa = PBXBuildFile; fileRef = 952824E5208373040055BC19 /* Launch640*960.png */; };
		952824FF208373040055BC19 /* icon120@2x.png in Resources */ = {isa = PBXBuildFile; fileRef = 952824E6208373040055BC19 /* icon120@2x.png */; };
		95282500208373040055BC19 /* yindaoye640*1136-3.png in Resources */ = {isa = PBXBuildFile; fileRef = 952824E7208373040055BC19 /* yindaoye640*1136-3.png */; };
		95282501208373040055BC19 /* yindaoye640*960-1.png in Resources */ = {isa = PBXBuildFile; fileRef = 952824E8208373040055BC19 /* yindaoye640*960-1.png */; };
		95282502208373040055BC19 /* Launch1125*2436.png in Resources */ = {isa = PBXBuildFile; fileRef = 952824E9208373040055BC19 /* Launch1125*2436.png */; };
		95282503208373040055BC19 /* yindaoye640*1136-2.png in Resources */ = {isa = PBXBuildFile; fileRef = 952824EA208373040055BC19 /* yindaoye640*1136-2.png */; };
		95282504208373040055BC19 /* yindaoye750*1334-1.png in Resources */ = {isa = PBXBuildFile; fileRef = 952824EB208373040055BC19 /* yindaoye750*1334-1.png */; };
		95282505208373040055BC19 /* icon1024@2x.png in Resources */ = {isa = PBXBuildFile; fileRef = 952824EC208373040055BC19 /* icon1024@2x.png */; };
		9528250E2083766B0055BC19 /* icon29@3x.png in Resources */ = {isa = PBXBuildFile; fileRef = 952825082083766A0055BC19 /* icon29@3x.png */; };
		9528250F2083766B0055BC19 /* icon20@3x.png in Resources */ = {isa = PBXBuildFile; fileRef = 952825092083766B0055BC19 /* icon20@3x.png */; };
		952825102083766B0055BC19 /* icon40@2x.png in Resources */ = {isa = PBXBuildFile; fileRef = 9528250A2083766B0055BC19 /* icon40@2x.png */; };
		952825112083766B0055BC19 /* icon180@3x.png in Resources */ = {isa = PBXBuildFile; fileRef = 9528250B2083766B0055BC19 /* icon180@3x.png */; };
		952825122083766B0055BC19 /* icon20@2x.png in Resources */ = {isa = PBXBuildFile; fileRef = 9528250C2083766B0055BC19 /* icon20@2x.png */; };
		952825132083766B0055BC19 /* icon29@2x.png in Resources */ = {isa = PBXBuildFile; fileRef = 9528250D2083766B0055BC19 /* icon29@2x.png */; };
		9528251720837A720055BC19 /* yindaoye1125*2436-1.png in Resources */ = {isa = PBXBuildFile; fileRef = 9528251420837A720055BC19 /* yindaoye1125*2436-1.png */; };
		9528251820837A720055BC19 /* yindaoye1125*2436-2.png in Resources */ = {isa = PBXBuildFile; fileRef = 9528251520837A720055BC19 /* yindaoye1125*2436-2.png */; };
		9528251920837A720055BC19 /* yindaoye1125*2436-3.png in Resources */ = {isa = PBXBuildFile; fileRef = 9528251620837A720055BC19 /* yindaoye1125*2436-3.png */; };
		ACFB9F2BDFF74514A3A462CE /* CDVReachability.m in Sources */ = {isa = PBXBuildFile; fileRef = 991E4DE3F7EE4FB5A06A4C53 /* CDVReachability.m */; };
		D2023A5E89AB4700B46CC104 /* CDVDevice.m in Sources */ = {isa = PBXBuildFile; fileRef = 6A889552DBA5480A9CCF2F4D /* CDVDevice.m */; };
		D83676EADC194C50964D750D /* CDVLocation.m in Sources */ = {isa = PBXBuildFile; fileRef = 2CD0155D160D48048415FF8D /* CDVLocation.m */; };
		E54D5F750FDC4DF1A8F2E657 /* CDVStatusBar.m in Sources */ = {isa = PBXBuildFile; fileRef = 2D649361888145468C2B9B5D /* CDVStatusBar.m */; };
/* End PBXBuildFile section */

/* Begin PBXContainerItemProxy section */
		301BF534109A57CC0062928A /* PBXContainerItemProxy */ = {
			isa = PBXContainerItemProxy;
			containerPortal = 301BF52D109A57CC0062928A /* CordovaLib/CordovaLib.xcodeproj */;
			proxyType = 2;
			remoteGlobalIDString = D2AAC07E0554694100DB518D;
			remoteInfo = CordovaLib;
		};
		301BF550109A68C00062928A /* PBXContainerItemProxy */ = {
			isa = PBXContainerItemProxy;
			containerPortal = 301BF52D109A57CC0062928A /* CordovaLib/CordovaLib.xcodeproj */;
			proxyType = 1;
			remoteGlobalIDString = D2AAC07D0554694100DB518D;
			remoteInfo = CordovaLib;
		};
		95F809DE2081F5C100BFE262 /* PBXContainerItemProxy */ = {
			isa = PBXContainerItemProxy;
			containerPortal = 301BF52D109A57CC0062928A /* CordovaLib/CordovaLib.xcodeproj */;
			proxyType = 2;
			remoteGlobalIDString = C0C01EB21E3911D50056E6CB;
			remoteInfo = Cordova;
		};
/* End PBXContainerItemProxy section */

/* Begin PBXFileReference section */
		0207DA571B56EA530066E2B4 /* Images.xcassets */ = {isa = PBXFileReference; lastKnownFileType = folder.assetcatalog; name = Images.xcassets; path = HelloCordova/Images.xcassets; sourceTree = SOURCE_ROOT; };
		022E59A17F854685B9F97DE1 /* CDVReachability.h */ = {isa = PBXFileReference; explicitFileType = undefined; fileEncoding = 4; includeInIndex = 0; lastKnownFileType = sourcecode.c.h; name = CDVReachability.h; path = "cordova-plugin-network-information/CDVReachability.h"; sourceTree = "<group>"; };
		1D3623240D0F684500981E51 /* AppDelegate.h */ = {isa = PBXFileReference; fileEncoding = 4; lastKnownFileType = sourcecode.c.h; path = AppDelegate.h; sourceTree = "<group>"; };
		1D3623250D0F684500981E51 /* AppDelegate.m */ = {isa = PBXFileReference; fileEncoding = 4; lastKnownFileType = sourcecode.c.objc; path = AppDelegate.m; sourceTree = "<group>"; };
		1D6058910D05DD3D006BFB54 /* HelloCordova.app */ = {isa = PBXFileReference; explicitFileType = wrapper.application; includeInIndex = 0; path = HelloCordova.app; sourceTree = BUILT_PRODUCTS_DIR; };
		29B97316FDCFA39411CA2CEA /* main.m */ = {isa = PBXFileReference; fileEncoding = 4; lastKnownFileType = sourcecode.c.objc; path = main.m; sourceTree = "<group>"; };
		2A66B8B6390F45258B5808BD /* CoreTelephony.framework */ = {isa = PBXFileReference; explicitFileType = undefined; fileEncoding = 9; includeInIndex = 0; lastKnownFileType = wrapper.framework; name = CoreTelephony.framework; path = System/Library/Frameworks/CoreTelephony.framework; sourceTree = SDKROOT; };
		2CD0155D160D48048415FF8D /* CDVLocation.m */ = {isa = PBXFileReference; explicitFileType = undefined; fileEncoding = 4; includeInIndex = 0; lastKnownFileType = sourcecode.c.objc; name = CDVLocation.m; path = "cordova-plugin-geolocation/CDVLocation.m"; sourceTree = "<group>"; };
		2D649361888145468C2B9B5D /* CDVStatusBar.m */ = {isa = PBXFileReference; explicitFileType = undefined; fileEncoding = 4; includeInIndex = 0; lastKnownFileType = sourcecode.c.objc; name = CDVStatusBar.m; path = "cordova-plugin-statusbar/CDVStatusBar.m"; sourceTree = "<group>"; };
		301BF52D109A57CC0062928A /* CordovaLib/CordovaLib.xcodeproj */ = {isa = PBXFileReference; lastKnownFileType = "wrapper.pb-project"; path = CordovaLib/CordovaLib.xcodeproj; sourceTree = "<group>"; };
		301BF56E109A69640062928A /* www */ = {isa = PBXFileReference; lastKnownFileType = folder; path = www; sourceTree = SOURCE_ROOT; };
		302D95EE14D2391D003F00A1 /* MainViewController.h */ = {isa = PBXFileReference; fileEncoding = 4; lastKnownFileType = sourcecode.c.h; path = MainViewController.h; sourceTree = "<group>"; };
		302D95EF14D2391D003F00A1 /* MainViewController.m */ = {isa = PBXFileReference; fileEncoding = 4; lastKnownFileType = sourcecode.c.objc; path = MainViewController.m; sourceTree = "<group>"; };
		302D95F014D2391D003F00A1 /* MainViewController.xib */ = {isa = PBXFileReference; fileEncoding = 4; lastKnownFileType = file.xib; path = MainViewController.xib; sourceTree = "<group>"; };
		3047A50F1AB8059700498E2A /* build-debug.xcconfig */ = {isa = PBXFileReference; fileEncoding = 4; lastKnownFileType = text.xcconfig; name = "build-debug.xcconfig"; path = "cordova/build-debug.xcconfig"; sourceTree = SOURCE_ROOT; };
		3047A5101AB8059700498E2A /* build-release.xcconfig */ = {isa = PBXFileReference; fileEncoding = 4; lastKnownFileType = text.xcconfig; name = "build-release.xcconfig"; path = "cordova/build-release.xcconfig"; sourceTree = SOURCE_ROOT; };
		3047A5111AB8059700498E2A /* build.xcconfig */ = {isa = PBXFileReference; fileEncoding = 4; lastKnownFileType = text.xcconfig; name = build.xcconfig; path = cordova/build.xcconfig; sourceTree = SOURCE_ROOT; };
		32CA4F630368D1EE00C91783 /* HelloCordova-Prefix.pch */ = {isa = PBXFileReference; fileEncoding = 4; lastKnownFileType = sourcecode.c.h; path = "HelloCordova-Prefix.pch"; sourceTree = "<group>"; };
		52E85B43D98B4D488A7CB4DE /* CDVStatusBar.h */ = {isa = PBXFileReference; explicitFileType = undefined; fileEncoding = 4; includeInIndex = 0; lastKnownFileType = sourcecode.c.h; name = CDVStatusBar.h; path = "cordova-plugin-statusbar/CDVStatusBar.h"; sourceTree = "<group>"; };
		538C7CAAD8484581960214D2 /* CDVDevice.h */ = {isa = PBXFileReference; explicitFileType = undefined; fileEncoding = 4; includeInIndex = 0; lastKnownFileType = sourcecode.c.h; name = CDVDevice.h; path = "cordova-plugin-device/CDVDevice.h"; sourceTree = "<group>"; };
		6A889552DBA5480A9CCF2F4D /* CDVDevice.m */ = {isa = PBXFileReference; explicitFileType = undefined; fileEncoding = 4; includeInIndex = 0; lastKnownFileType = sourcecode.c.objc; name = CDVDevice.m; path = "cordova-plugin-device/CDVDevice.m"; sourceTree = "<group>"; };
		6AFF5BF81D6E424B00AB3073 /* CDVLaunchScreen.storyboard */ = {isa = PBXFileReference; fileEncoding = 4; lastKnownFileType = file.storyboard; name = CDVLaunchScreen.storyboard; path = HelloCordova/CDVLaunchScreen.storyboard; sourceTree = SOURCE_ROOT; };
		7198996DD09D4174A82A5E21 /* CDVConnection.h */ = {isa = PBXFileReference; explicitFileType = undefined; fileEncoding = 4; includeInIndex = 0; lastKnownFileType = sourcecode.c.h; name = CDVConnection.h; path = "cordova-plugin-network-information/CDVConnection.h"; sourceTree = "<group>"; };
		73817689BAE54947B2547120 /* SystemConfiguration.framework */ = {isa = PBXFileReference; explicitFileType = undefined; fileEncoding = 9; includeInIndex = 0; lastKnownFileType = wrapper.framework; name = SystemConfiguration.framework; path = System/Library/Frameworks/SystemConfiguration.framework; sourceTree = SDKROOT; };
		843B58B7531249DAA3DC1A52 /* libz.tbd */ = {isa = PBXFileReference; explicitFileType = undefined; fileEncoding = 9; includeInIndex = 0; lastKnownFileType = "sourcecode.text-based-dylib-definition"; name = libz.tbd; path = usr/lib/libz.tbd; sourceTree = SDKROOT; };
		8D1107310486CEB800E47090 /* HelloCordova-Info.plist */ = {isa = PBXFileReference; fileEncoding = 4; lastKnownFileType = text.plist.xml; name = "HelloCordova-Info.plist"; path = "HelloCordova/HelloCordova-Info.plist"; plistStructureDefinitionIdentifier = "com.apple.xcode.plist.structure-definition.iphone.info-plist"; sourceTree = SOURCE_ROOT; };
		950C3D3420830F15003ADA19 /* GuidePagesViewController.h */ = {isa = PBXFileReference; lastKnownFileType = sourcecode.c.h; path = GuidePagesViewController.h; sourceTree = "<group>"; };
		950C3D3520830F15003ADA19 /* GuidePagesViewController.m */ = {isa = PBXFileReference; lastKnownFileType = sourcecode.c.objc; path = GuidePagesViewController.m; sourceTree = "<group>"; };
		952824D4208373030055BC19 /* yindaoye750*1334-3.png */ = {isa = PBXFileReference; lastKnownFileType = image.png; path = "yindaoye750*1334-3.png"; sourceTree = "<group>"; };
		952824D5208373030055BC19 /* yindaoye1242*2208-1.png */ = {isa = PBXFileReference; lastKnownFileType = image.png; path = "yindaoye1242*2208-1.png"; sourceTree = "<group>"; };
		952824D7208373030055BC19 /* yindaoye1242*2208-3.png */ = {isa = PBXFileReference; lastKnownFileType = image.png; path = "yindaoye1242*2208-3.png"; sourceTree = "<group>"; };
		952824D8208373030055BC19 /* yindaoye640*1136-1.png */ = {isa = PBXFileReference; lastKnownFileType = image.png; path = "yindaoye640*1136-1.png"; sourceTree = "<group>"; };
		952824D9208373030055BC19 /* Launch750*1334.png */ = {isa = PBXFileReference; lastKnownFileType = image.png; path = "Launch750*1334.png"; sourceTree = "<group>"; };
		952824DB208373030055BC19 /* Launch1242*2208.png */ = {isa = PBXFileReference; lastKnownFileType = image.png; path = "Launch1242*2208.png"; sourceTree = "<group>"; };
		952824DE208373030055BC19 /* Launch640*1136.png */ = {isa = PBXFileReference; lastKnownFileType = image.png; path = "Launch640*1136.png"; sourceTree = "<group>"; };
		952824DF208373030055BC19 /* yindaoye640*960-3.png */ = {isa = PBXFileReference; lastKnownFileType = image.png; path = "yindaoye640*960-3.png"; sourceTree = "<group>"; };
		952824E1208373030055BC19 /* yindaoye640*960-2.png */ = {isa = PBXFileReference; lastKnownFileType = image.png; path = "yindaoye640*960-2.png"; sourceTree = "<group>"; };
		952824E2208373030055BC19 /* yindaoye1242*2208-2.png */ = {isa = PBXFileReference; lastKnownFileType = image.png; path = "yindaoye1242*2208-2.png"; sourceTree = "<group>"; };
		952824E3208373030055BC19 /* yindaoye750*1334-2.png */ = {isa = PBXFileReference; lastKnownFileType = image.png; path = "yindaoye750*1334-2.png"; sourceTree = "<group>"; };
		952824E5208373040055BC19 /* Launch640*960.png */ = {isa = PBXFileReference; lastKnownFileType = image.png; path = "Launch640*960.png"; sourceTree = "<group>"; };
		952824E6208373040055BC19 /* icon120@2x.png */ = {isa = PBXFileReference; lastKnownFileType = image.png; path = "icon120@2x.png"; sourceTree = "<group>"; };
		952824E7208373040055BC19 /* yindaoye640*1136-3.png */ = {isa = PBXFileReference; lastKnownFileType = image.png; path = "yindaoye640*1136-3.png"; sourceTree = "<group>"; };
		952824E8208373040055BC19 /* yindaoye640*960-1.png */ = {isa = PBXFileReference; lastKnownFileType = image.png; path = "yindaoye640*960-1.png"; sourceTree = "<group>"; };
		952824E9208373040055BC19 /* Launch1125*2436.png */ = {isa = PBXFileReference; lastKnownFileType = image.png; path = "Launch1125*2436.png"; sourceTree = "<group>"; };
		952824EA208373040055BC19 /* yindaoye640*1136-2.png */ = {isa = PBXFileReference; lastKnownFileType = image.png; path = "yindaoye640*1136-2.png"; sourceTree = "<group>"; };
		952824EB208373040055BC19 /* yindaoye750*1334-1.png */ = {isa = PBXFileReference; lastKnownFileType = image.png; path = "yindaoye750*1334-1.png"; sourceTree = "<group>"; };
		952824EC208373040055BC19 /* icon1024@2x.png */ = {isa = PBXFileReference; lastKnownFileType = image.png; path = "icon1024@2x.png"; sourceTree = "<group>"; };
		952825082083766A0055BC19 /* icon29@3x.png */ = {isa = PBXFileReference; lastKnownFileType = image.png; path = "icon29@3x.png"; sourceTree = "<group>"; };
		952825092083766B0055BC19 /* icon20@3x.png */ = {isa = PBXFileReference; lastKnownFileType = image.png; path = "icon20@3x.png"; sourceTree = "<group>"; };
		9528250A2083766B0055BC19 /* icon40@2x.png */ = {isa = PBXFileReference; lastKnownFileType = image.png; path = "icon40@2x.png"; sourceTree = "<group>"; };
		9528250B2083766B0055BC19 /* icon180@3x.png */ = {isa = PBXFileReference; lastKnownFileType = image.png; path = "icon180@3x.png"; sourceTree = "<group>"; };
		9528250C2083766B0055BC19 /* icon20@2x.png */ = {isa = PBXFileReference; lastKnownFileType = image.png; path = "icon20@2x.png"; sourceTree = "<group>"; };
		9528250D2083766B0055BC19 /* icon29@2x.png */ = {isa = PBXFileReference; lastKnownFileType = image.png; path = "icon29@2x.png"; sourceTree = "<group>"; };
		9528251420837A720055BC19 /* yindaoye1125*2436-1.png */ = {isa = PBXFileReference; lastKnownFileType = image.png; path = "yindaoye1125*2436-1.png"; sourceTree = "<group>"; };
		9528251520837A720055BC19 /* yindaoye1125*2436-2.png */ = {isa = PBXFileReference; lastKnownFileType = image.png; path = "yindaoye1125*2436-2.png"; sourceTree = "<group>"; };
		9528251620837A720055BC19 /* yindaoye1125*2436-3.png */ = {isa = PBXFileReference; lastKnownFileType = image.png; path = "yindaoye1125*2436-3.png"; sourceTree = "<group>"; };
		991E4DE3F7EE4FB5A06A4C53 /* CDVReachability.m */ = {isa = PBXFileReference; explicitFileType = undefined; fileEncoding = 4; includeInIndex = 0; lastKnownFileType = sourcecode.c.objc; name = CDVReachability.m; path = "cordova-plugin-network-information/CDVReachability.m"; sourceTree = "<group>"; };
		EB87FDF31871DA8E0020F90C /* www */ = {isa = PBXFileReference; lastKnownFileType = folder; name = www; path = ../../www; sourceTree = "<group>"; };
		EB87FDF41871DAF40020F90C /* config.xml */ = {isa = PBXFileReference; lastKnownFileType = text.xml; name = config.xml; path = ../../config.xml; sourceTree = "<group>"; };
		ED33DF2A687741AEAF9F8254 /* Bridging-Header.h */ = {isa = PBXFileReference; fileEncoding = 4; lastKnownFileType = sourcecode.c.h; path = "Bridging-Header.h"; sourceTree = "<group>"; };
		F840E1F0165FE0F500CFE078 /* config.xml */ = {isa = PBXFileReference; lastKnownFileType = text.xml; name = config.xml; path = HelloCordova/config.xml; sourceTree = "<group>"; };
		FA6E7C0FD3AA4325B8763F16 /* CDVLocation.h */ = {isa = PBXFileReference; explicitFileType = undefined; fileEncoding = 4; includeInIndex = 0; lastKnownFileType = sourcecode.c.h; name = CDVLocation.h; path = "cordova-plugin-geolocation/CDVLocation.h"; sourceTree = "<group>"; };
		FC2BD15587C946DFAC54E3EB /* CoreLocation.framework */ = {isa = PBXFileReference; explicitFileType = undefined; fileEncoding = 9; includeInIndex = 0; lastKnownFileType = wrapper.framework; name = CoreLocation.framework; path = System/Library/Frameworks/CoreLocation.framework; sourceTree = SDKROOT; };
		FFCD706C0003476CB005B4F6 /* CDVConnection.m */ = {isa = PBXFileReference; explicitFileType = undefined; fileEncoding = 4; includeInIndex = 0; lastKnownFileType = sourcecode.c.objc; name = CDVConnection.m; path = "cordova-plugin-network-information/CDVConnection.m"; sourceTree = "<group>"; };
/* End PBXFileReference section */

/* Begin PBXFrameworksBuildPhase section */
		1D60588F0D05DD3D006BFB54 /* Frameworks */ = {
			isa = PBXFrameworksBuildPhase;
			buildActionMask = 2147483647;
			files = (
				301BF552109A68D80062928A /* libCordova.a in Frameworks */,
				5AE8165E3742486C9DA4C25A /* libz.tbd in Frameworks */,
				65C92C77524D4B97A44D9248 /* CoreLocation.framework in Frameworks */,
				82DB9830511F4D4BB695E4F6 /* SystemConfiguration.framework in Frameworks */,
				7C1EAB747AE74C7F8E1201C8 /* CoreTelephony.framework in Frameworks */,
			);
			runOnlyForDeploymentPostprocessing = 0;
		};
/* End PBXFrameworksBuildPhase section */

/* Begin PBXGroup section */
		080E96DDFE201D6D7F000001 /* Classes */ = {
			isa = PBXGroup;
			children = (
				302D95EE14D2391D003F00A1 /* MainViewController.h */,
				302D95EF14D2391D003F00A1 /* MainViewController.m */,
				302D95F014D2391D003F00A1 /* MainViewController.xib */,
				1D3623240D0F684500981E51 /* AppDelegate.h */,
				1D3623250D0F684500981E51 /* AppDelegate.m */,
			);
			name = Classes;
			path = HelloCordova/Classes;
			sourceTree = SOURCE_ROOT;
		};
		19C28FACFE9D520D11CA2CBB /* Products */ = {
			isa = PBXGroup;
			children = (
				1D6058910D05DD3D006BFB54 /* HelloCordova.app */,
			);
			name = Products;
			sourceTree = "<group>";
		};
		29B97314FDCFA39411CA2CEA /* CustomTemplate */ = {
			isa = PBXGroup;
			children = (
				EB87FDF41871DAF40020F90C /* config.xml */,
				EB87FDF31871DA8E0020F90C /* www */,
				EB87FDF11871DA420020F90C /* Staging */,
				301BF52D109A57CC0062928A /* CordovaLib/CordovaLib.xcodeproj */,
				080E96DDFE201D6D7F000001 /* Classes */,
				950C3D3220830DEF003ADA19 /* untils */,
				307C750510C5A3420062BCA9 /* Plugins */,
				29B97315FDCFA39411CA2CEA /* Other Sources */,
				950C3D392083157A003ADA19 /* images */,
				29B97317FDCFA39411CA2CEA /* Resources */,
				29B97323FDCFA39411CA2CEA /* Frameworks */,
				19C28FACFE9D520D11CA2CBB /* Products */,
			);
			name = CustomTemplate;
			sourceTree = "<group>";
		};
		29B97315FDCFA39411CA2CEA /* Other Sources */ = {
			isa = PBXGroup;
			children = (
				32CA4F630368D1EE00C91783 /* HelloCordova-Prefix.pch */,
				29B97316FDCFA39411CA2CEA /* main.m */,
				ED33DF2A687741AEAF9F8254 /* Bridging-Header.h */,
			);
			name = "Other Sources";
			path = HelloCordova;
			sourceTree = "<group>";
		};
		29B97317FDCFA39411CA2CEA /* Resources */ = {
			isa = PBXGroup;
			children = (
				0207DA571B56EA530066E2B4 /* Images.xcassets */,
				3047A50E1AB8057F00498E2A /* config */,
				8D1107310486CEB800E47090 /* HelloCordova-Info.plist */,
				6AFF5BF81D6E424B00AB3073 /* CDVLaunchScreen.storyboard */,
			);
			name = Resources;
			path = HelloCordova/Resources;
			sourceTree = "<group>";
		};
		29B97323FDCFA39411CA2CEA /* Frameworks */ = {
			isa = PBXGroup;
			children = (
				843B58B7531249DAA3DC1A52 /* libz.tbd */,
				FC2BD15587C946DFAC54E3EB /* CoreLocation.framework */,
				73817689BAE54947B2547120 /* SystemConfiguration.framework */,
				2A66B8B6390F45258B5808BD /* CoreTelephony.framework */,
			);
			name = Frameworks;
			sourceTree = "<group>";
		};
		301BF52E109A57CC0062928A /* Products */ = {
			isa = PBXGroup;
			children = (
				301BF535109A57CC0062928A /* libCordova.a */,
				95F809DF2081F5C100BFE262 /* Cordova.framework */,
			);
			name = Products;
			sourceTree = "<group>";
		};
		3047A50E1AB8057F00498E2A /* config */ = {
			isa = PBXGroup;
			children = (
				3047A50F1AB8059700498E2A /* build-debug.xcconfig */,
				3047A5101AB8059700498E2A /* build-release.xcconfig */,
				3047A5111AB8059700498E2A /* build.xcconfig */,
			);
			name = config;
			sourceTree = "<group>";
		};
		307C750510C5A3420062BCA9 /* Plugins */ = {
			isa = PBXGroup;
			children = (
				6A889552DBA5480A9CCF2F4D /* CDVDevice.m */,
				538C7CAAD8484581960214D2 /* CDVDevice.h */,
				2CD0155D160D48048415FF8D /* CDVLocation.m */,
				FA6E7C0FD3AA4325B8763F16 /* CDVLocation.h */,
				FFCD706C0003476CB005B4F6 /* CDVConnection.m */,
				991E4DE3F7EE4FB5A06A4C53 /* CDVReachability.m */,
				7198996DD09D4174A82A5E21 /* CDVConnection.h */,
				022E59A17F854685B9F97DE1 /* CDVReachability.h */,
				2D649361888145468C2B9B5D /* CDVStatusBar.m */,
				52E85B43D98B4D488A7CB4DE /* CDVStatusBar.h */,
			);
			name = Plugins;
			path = HelloCordova/Plugins;
			sourceTree = SOURCE_ROOT;
		};
		950C3D3220830DEF003ADA19 /* untils */ = {
			isa = PBXGroup;
			children = (
				950C3D3420830F15003ADA19 /* GuidePagesViewController.h */,
				950C3D3520830F15003ADA19 /* GuidePagesViewController.m */,
			);
			path = untils;
			sourceTree = "<group>";
		};
		950C3D392083157A003ADA19 /* images */ = {
			isa = PBXGroup;
			children = (
				9528250C2083766B0055BC19 /* icon20@2x.png */,
				952825092083766B0055BC19 /* icon20@3x.png */,
				9528250D2083766B0055BC19 /* icon29@2x.png */,
				952825082083766A0055BC19 /* icon29@3x.png */,
				9528250A2083766B0055BC19 /* icon40@2x.png */,
				9528250B2083766B0055BC19 /* icon180@3x.png */,
				952824E6208373040055BC19 /* icon120@2x.png */,
				952824EC208373040055BC19 /* icon1024@2x.png */,
				952824E5208373040055BC19 /* Launch640*960.png */,
				952824DE208373030055BC19 /* Launch640*1136.png */,
				952824D9208373030055BC19 /* Launch750*1334.png */,
				952824E9208373040055BC19 /* Launch1125*2436.png */,
				952824DB208373030055BC19 /* Launch1242*2208.png */,
				952824E8208373040055BC19 /* yindaoye640*960-1.png */,
				952824E1208373030055BC19 /* yindaoye640*960-2.png */,
				952824DF208373030055BC19 /* yindaoye640*960-3.png */,
				952824D8208373030055BC19 /* yindaoye640*1136-1.png */,
				952824EA208373040055BC19 /* yindaoye640*1136-2.png */,
				952824E7208373040055BC19 /* yindaoye640*1136-3.png */,
				952824EB208373040055BC19 /* yindaoye750*1334-1.png */,
				952824E3208373030055BC19 /* yindaoye750*1334-2.png */,
				952824D4208373030055BC19 /* yindaoye750*1334-3.png */,
				9528251420837A720055BC19 /* yindaoye1125*2436-1.png */,
				9528251520837A720055BC19 /* yindaoye1125*2436-2.png */,
				9528251620837A720055BC19 /* yindaoye1125*2436-3.png */,
				952824D5208373030055BC19 /* yindaoye1242*2208-1.png */,
				952824E2208373030055BC19 /* yindaoye1242*2208-2.png */,
				952824D7208373030055BC19 /* yindaoye1242*2208-3.png */,
			);
			path = images;
			sourceTree = "<group>";
		};
		EB87FDF11871DA420020F90C /* Staging */ = {
			isa = PBXGroup;
			children = (
				F840E1F0165FE0F500CFE078 /* config.xml */,
				301BF56E109A69640062928A /* www */,
			);
			name = Staging;
			sourceTree = "<group>";
		};
/* End PBXGroup section */

/* Begin PBXNativeTarget section */
		1D6058900D05DD3D006BFB54 /* HelloCordova */ = {
			isa = PBXNativeTarget;
			buildConfigurationList = 1D6058960D05DD3E006BFB54 /* Build configuration list for PBXNativeTarget "HelloCordova" */;
			buildPhases = (
				304B58A110DAC018002A0835 /* Copy www directory */,
				1D60588D0D05DD3D006BFB54 /* Resources */,
				1D60588E0D05DD3D006BFB54 /* Sources */,
				1D60588F0D05DD3D006BFB54 /* Frameworks */,
			);
			buildRules = (
			);
			dependencies = (
				301BF551109A68C00062928A /* PBXTargetDependency */,
			);
			name = HelloCordova;
			productName = HelloCordova;
			productReference = 1D6058910D05DD3D006BFB54 /* HelloCordova.app */;
			productType = "com.apple.product-type.application";
		};
/* End PBXNativeTarget section */

/* Begin PBXProject section */
		29B97313FDCFA39411CA2CEA /* Project object */ = {
			isa = PBXProject;
			attributes = {
				LastUpgradeCheck = 510;
				TargetAttributes = {
					1D6058900D05DD3D006BFB54 = {
						DevelopmentTeam = KLB2AKBNMK;
					};
				};
			};
			buildConfigurationList = C01FCF4E08A954540054247B /* Build configuration list for PBXProject "HelloCordova" */;
			compatibilityVersion = "Xcode 3.2";
			developmentRegion = English;
			hasScannedForEncodings = 1;
			knownRegions = (
				en,
			);
			mainGroup = 29B97314FDCFA39411CA2CEA /* CustomTemplate */;
			projectDirPath = "";
			projectReferences = (
				{
					ProductGroup = 301BF52E109A57CC0062928A /* Products */;
					ProjectRef = 301BF52D109A57CC0062928A /* CordovaLib/CordovaLib.xcodeproj */;
				},
			);
			projectRoot = "";
			targets = (
				1D6058900D05DD3D006BFB54 /* HelloCordova */,
			);
		};
/* End PBXProject section */

/* Begin PBXReferenceProxy section */
		301BF535109A57CC0062928A /* libCordova.a */ = {
			isa = PBXReferenceProxy;
			fileType = archive.ar;
			path = libCordova.a;
			remoteRef = 301BF534109A57CC0062928A /* PBXContainerItemProxy */;
			sourceTree = BUILT_PRODUCTS_DIR;
		};
		95F809DF2081F5C100BFE262 /* Cordova.framework */ = {
			isa = PBXReferenceProxy;
			fileType = wrapper.framework;
			path = Cordova.framework;
			remoteRef = 95F809DE2081F5C100BFE262 /* PBXContainerItemProxy */;
			sourceTree = BUILT_PRODUCTS_DIR;
		};
/* End PBXReferenceProxy section */

/* Begin PBXResourcesBuildPhase section */
		1D60588D0D05DD3D006BFB54 /* Resources */ = {
			isa = PBXResourcesBuildPhase;
			buildActionMask = 2147483647;
			files = (
				9528250F2083766B0055BC19 /* icon20@3x.png in Resources */,
				952825112083766B0055BC19 /* icon180@3x.png in Resources */,
				952824F1208373040055BC19 /* yindaoye640*1136-1.png in Resources */,
				952824ED208373040055BC19 /* yindaoye750*1334-3.png in Resources */,
				9528250E2083766B0055BC19 /* icon29@3x.png in Resources */,
				952824EE208373040055BC19 /* yindaoye1242*2208-1.png in Resources */,
				952824F2208373040055BC19 /* Launch750*1334.png in Resources */,
				952824FB208373040055BC19 /* yindaoye1242*2208-2.png in Resources */,
				952824FA208373040055BC19 /* yindaoye640*960-2.png in Resources */,
				95282503208373040055BC19 /* yindaoye640*1136-2.png in Resources */,
				302D95F214D2391D003F00A1 /* MainViewController.xib in Resources */,
				952825122083766B0055BC19 /* icon20@2x.png in Resources */,
				95282501208373040055BC19 /* yindaoye640*960-1.png in Resources */,
				952824F8208373040055BC19 /* yindaoye640*960-3.png in Resources */,
				9528251820837A720055BC19 /* yindaoye1125*2436-2.png in Resources */,
				9528251920837A720055BC19 /* yindaoye1125*2436-3.png in Resources */,
				0207DA581B56EA530066E2B4 /* Images.xcassets in Resources */,
				952825102083766B0055BC19 /* icon40@2x.png in Resources */,
				95282505208373040055BC19 /* icon1024@2x.png in Resources */,
				952824FF208373040055BC19 /* icon120@2x.png in Resources */,
				952824F0208373040055BC19 /* yindaoye1242*2208-3.png in Resources */,
				952824FC208373040055BC19 /* yindaoye750*1334-2.png in Resources */,
				952825132083766B0055BC19 /* icon29@2x.png in Resources */,
				95282504208373040055BC19 /* yindaoye750*1334-1.png in Resources */,
				95282502208373040055BC19 /* Launch1125*2436.png in Resources */,
				952824FE208373040055BC19 /* Launch640*960.png in Resources */,
				9528251720837A720055BC19 /* yindaoye1125*2436-1.png in Resources */,
				952824F4208373040055BC19 /* Launch1242*2208.png in Resources */,
				6AFF5BF91D6E424B00AB3073 /* CDVLaunchScreen.storyboard in Resources */,
				952824F7208373040055BC19 /* Launch640*1136.png in Resources */,
				95282500208373040055BC19 /* yindaoye640*1136-3.png in Resources */,
			);
			runOnlyForDeploymentPostprocessing = 0;
		};
/* End PBXResourcesBuildPhase section */

/* Begin PBXShellScriptBuildPhase section */
		304B58A110DAC018002A0835 /* Copy www directory */ = {
			isa = PBXShellScriptBuildPhase;
			buildActionMask = 2147483647;
			files = (
			);
			inputPaths = (
			);
			name = "Copy www directory";
			outputPaths = (
			);
			runOnlyForDeploymentPostprocessing = 0;
			shellPath = /bin/sh;
			shellScript = "NODEJS_PATH=/usr/local/bin; NVM_NODE_PATH=~/.nvm/versions/node/`nvm version 2>/dev/null`/bin; N_NODE_PATH=`find /usr/local/n/versions/node/* -maxdepth 0 -type d 2>/dev/null | tail -1`/bin; XCODE_NODE_PATH=`xcode-select --print-path`/usr/share/xcs/Node/bin; PATH=$NODEJS_PATH:$NVM_NODE_PATH:$N_NODE_PATH:$XCODE_NODE_PATH:$PATH && node cordova/lib/copy-www-build-step.js";
			showEnvVarsInLog = 0;
		};
/* End PBXShellScriptBuildPhase section */

/* Begin PBXSourcesBuildPhase section */
		1D60588E0D05DD3D006BFB54 /* Sources */ = {
			isa = PBXSourcesBuildPhase;
			buildActionMask = 2147483647;
			files = (
				950C3D3620830F15003ADA19 /* GuidePagesViewController.m in Sources */,
				1D60589B0D05DD56006BFB54 /* main.m in Sources */,
				1D3623260D0F684500981E51 /* AppDelegate.m in Sources */,
				302D95F114D2391D003F00A1 /* MainViewController.m in Sources */,
				D2023A5E89AB4700B46CC104 /* CDVDevice.m in Sources */,
				D83676EADC194C50964D750D /* CDVLocation.m in Sources */,
				5495A0518B7948D08AD96B7F /* CDVConnection.m in Sources */,
				ACFB9F2BDFF74514A3A462CE /* CDVReachability.m in Sources */,
				E54D5F750FDC4DF1A8F2E657 /* CDVStatusBar.m in Sources */,
			);
			runOnlyForDeploymentPostprocessing = 0;
		};
/* End PBXSourcesBuildPhase section */

/* Begin PBXTargetDependency section */
		301BF551109A68C00062928A /* PBXTargetDependency */ = {
			isa = PBXTargetDependency;
			name = CordovaLib;
			targetProxy = 301BF550109A68C00062928A /* PBXContainerItemProxy */;
		};
/* End PBXTargetDependency section */

/* Begin XCBuildConfiguration section */
		1D6058940D05DD3E006BFB54 /* Debug */ = {
			isa = XCBuildConfiguration;
			baseConfigurationReference = 3047A50F1AB8059700498E2A /* build-debug.xcconfig */;
			buildSettings = {
				ALWAYS_SEARCH_USER_PATHS = NO;
				ASSETCATALOG_COMPILER_APPICON_NAME = AppIcon;
				ASSETCATALOG_COMPILER_LAUNCHIMAGE_NAME = LaunchImage;
				CLANG_ENABLE_MODULES = YES;
				CLANG_ENABLE_OBJC_ARC = YES;
				COPY_PHASE_STRIP = NO;
				DEVELOPMENT_TEAM = KLB2AKBNMK;
				GCC_DYNAMIC_NO_PIC = NO;
				GCC_OPTIMIZATION_LEVEL = 0;
				GCC_PRECOMPILE_PREFIX_HEADER = YES;
				GCC_PREFIX_HEADER = "HelloCordova/HelloCordova-Prefix.pch";
				GCC_THUMB_SUPPORT = NO;
				GCC_VERSION = "";
				INFOPLIST_FILE = "HelloCordova/HelloCordova-Info.plist";
				IPHONEOS_DEPLOYMENT_TARGET = 9.0;
				LD_RUNPATH_SEARCH_PATHS = "@executable_path/Frameworks";
				PRODUCT_NAME = HelloCordova;
				TARGETED_DEVICE_FAMILY = 1;
			};
			name = Debug;
		};
		1D6058950D05DD3E006BFB54 /* Release */ = {
			isa = XCBuildConfiguration;
			baseConfigurationReference = 3047A5101AB8059700498E2A /* build-release.xcconfig */;
			buildSettings = {
				ALWAYS_SEARCH_USER_PATHS = NO;
				ASSETCATALOG_COMPILER_APPICON_NAME = AppIcon;
				ASSETCATALOG_COMPILER_LAUNCHIMAGE_NAME = LaunchImage;
				CLANG_ENABLE_MODULES = YES;
				CLANG_ENABLE_OBJC_ARC = YES;
				COPY_PHASE_STRIP = YES;
				DEVELOPMENT_TEAM = KLB2AKBNMK;
				GCC_PRECOMPILE_PREFIX_HEADER = YES;
				GCC_PREFIX_HEADER = "HelloCordova/HelloCordova-Prefix.pch";
				GCC_THUMB_SUPPORT = NO;
				GCC_VERSION = "";
				INFOPLIST_FILE = "HelloCordova/HelloCordova-Info.plist";
				IPHONEOS_DEPLOYMENT_TARGET = 9.0;
				LD_RUNPATH_SEARCH_PATHS = "@executable_path/Frameworks";
				PRODUCT_NAME = HelloCordova;
				TARGETED_DEVICE_FAMILY = 1;
			};
			name = Release;
		};
		C01FCF4F08A954540054247B /* Debug */ = {
			isa = XCBuildConfiguration;
			baseConfigurationReference = 3047A5111AB8059700498E2A /* build.xcconfig */;
			buildSettings = {
				CLANG_ENABLE_MODULES = YES;
				CLANG_ENABLE_OBJC_ARC = YES;
				CLANG_WARN_BOOL_CONVERSION = YES;
				CLANG_WARN_CONSTANT_CONVERSION = YES;
				CLANG_WARN_EMPTY_BODY = YES;
				CLANG_WARN_ENUM_CONVERSION = YES;
				CLANG_WARN_INT_CONVERSION = YES;
				CLANG_WARN__DUPLICATE_METHOD_MATCH = YES;
				GCC_C_LANGUAGE_STANDARD = c99;
				GCC_THUMB_SUPPORT = NO;
				GCC_VERSION = "";
				GCC_WARN_ABOUT_RETURN_TYPE = YES;
				GCC_WARN_UNDECLARED_SELECTOR = YES;
				GCC_WARN_UNINITIALIZED_AUTOS = YES;
				GCC_WARN_UNUSED_FUNCTION = YES;
				GCC_WARN_UNUSED_VARIABLE = YES;
				ONLY_ACTIVE_ARCH = YES;
				SDKROOT = iphoneos;
				SKIP_INSTALL = NO;
			};
			name = Debug;
		};
		C01FCF5008A954540054247B /* Release */ = {
			isa = XCBuildConfiguration;
			baseConfigurationReference = 3047A5111AB8059700498E2A /* build.xcconfig */;
			buildSettings = {
				CLANG_ENABLE_MODULES = YES;
				CLANG_ENABLE_OBJC_ARC = YES;
				CLANG_WARN_BOOL_CONVERSION = YES;
				CLANG_WARN_CONSTANT_CONVERSION = YES;
				CLANG_WARN_EMPTY_BODY = YES;
				CLANG_WARN_ENUM_CONVERSION = YES;
				CLANG_WARN_INT_CONVERSION = YES;
				CLANG_WARN__DUPLICATE_METHOD_MATCH = YES;
				GCC_C_LANGUAGE_STANDARD = c99;
				GCC_THUMB_SUPPORT = NO;
				GCC_VERSION = "";
				GCC_WARN_ABOUT_RETURN_TYPE = YES;
				GCC_WARN_UNDECLARED_SELECTOR = YES;
				GCC_WARN_UNINITIALIZED_AUTOS = YES;
				GCC_WARN_UNUSED_FUNCTION = YES;
				GCC_WARN_UNUSED_VARIABLE = YES;
				SDKROOT = iphoneos;
				SKIP_INSTALL = NO;
			};
			name = Release;
		};
/* End XCBuildConfiguration section */

/* Begin XCConfigurationList section */
		1D6058960D05DD3E006BFB54 /* Build configuration list for PBXNativeTarget "HelloCordova" */ = {
			isa = XCConfigurationList;
			buildConfigurations = (
				1D6058940D05DD3E006BFB54 /* Debug */,
				1D6058950D05DD3E006BFB54 /* Release */,
			);
			defaultConfigurationIsVisible = 0;
			defaultConfigurationName = Release;
		};
		C01FCF4E08A954540054247B /* Build configuration list for PBXProject "HelloCordova" */ = {
			isa = XCConfigurationList;
			buildConfigurations = (
				C01FCF4F08A954540054247B /* Debug */,
				C01FCF5008A954540054247B /* Release */,
			);
			defaultConfigurationIsVisible = 0;
			defaultConfigurationName = Release;
		};
/* End XCConfigurationList section */
	};
	rootObject = 29B97313FDCFA39411CA2CEA /* Project object */;
}
